
Microsoft Visual Studio Solution File, Format Version 12.00
# Visual Studio Version 17
VisualStudioVersion = 17.1.32319.34
MinimumVisualStudioVersion = 10.0.40219.1
Project("{FAE04EC0-301F-11D3-BF4B-00C04F79EFBC}") = "Dataman", "Dataman\Dataman.csproj", "{C2C651CB-0D21-4A05-94B4-2BC1A6AA1611}"
EndProject
Project("{2150E333-8FDC-42A3-9474-1A3956D46DE8}") = "NewFolder1", "NewFolder1", "{943CE36D-4A01-4300-A719-063333A4A9CD}"
EndProject
Project("{FAE04EC0-301F-11D3-BF4B-00C04F79EFBC}") = "Dataman Library", "Dataman Library\Dataman Library.csproj", "{E362F3A5-8A19-4301-823E-3F37564384D4}"
EndProject
Global
	GlobalSection(SolutionConfigurationPlatforms) = preSolution
		Debug|Any CPU = Debug|Any CPU
		Release|Any CPU = Release|Any CPU
	EndGlobalSection
	GlobalSection(ProjectConfigurationPlatforms) = postSolution
		{C2C651CB-0D21-4A05-94B4-2BC1A6AA1611}.Debug|Any CPU.ActiveCfg = Debug|Any CPU
		{C2C651CB-0D21-4A05-94B4-2BC1A6AA1611}.Debug|Any CPU.Build.0 = Debug|Any CPU
		{C2C651CB-0D21-4A05-94B4-2BC1A6AA1611}.Release|Any CPU.ActiveCfg = Release|Any CPU
		{C2C651CB-0D21-4A05-94B4-2BC1A6AA1611}.Release|Any CPU.Build.0 = Release|Any CPU
		{E362F3A5-8A19-4301-823E-3F37564384D4}.Debug|Any CPU.ActiveCfg = Debug|Any CPU
		{E362F3A5-8A19-4301-823E-3F37564384D4}.Debug|Any CPU.Build.0 = Debug|Any CPU
		{E362F3A5-8A19-4301-823E-3F37564384D4}.Release|Any CPU.ActiveCfg = Release|Any CPU
		{E362F3A5-8A19-4301-823E-3F37564384D4}.Release|Any CPU.Build.0 = Release|Any CPU
	EndGlobalSection
	GlobalSection(SolutionProperties) = preSolution
		HideSolutionNode = FALSE
	EndGlobalSection
	GlobalSection(ExtensibilityGlobals) = postSolution
		SolutionGuid = {B3E94577-BE58-4209-B059-17C8DBAEF2BF}
	EndGlobalSection
EndGlobal
